
Microsoft Visual Studio Solution File, Format Version 12.00
# Visual Studio 14
VisualStudioVersion = 14.0.25420.1
MinimumVisualStudioVersion = 10.0.40219.1
Project("{2150E333-8FDC-42A3-9474-1A3956D46DE8}") = "src", "src", "{EC2A9940-AD88-42AD-9142-4DB5730CB20A}"
EndProject
Project("{2150E333-8FDC-42A3-9474-1A3956D46DE8}") = "Solution Items", "Solution Items", "{3D6ADD88-9BB3-476E-BE59-7A786480D79B}"
	ProjectSection(SolutionItems) = preProject
		global.json = global.json
		Readme.md = Readme.md
	EndProjectSection
EndProject
Project("{2150E333-8FDC-42A3-9474-1A3956D46DE8}") = "Demo 1", "Demo 1", "{7632CA77-CDF3-4E09-A92F-D8DED1136160}"
EndProject
Project("{2150E333-8FDC-42A3-9474-1A3956D46DE8}") = "Demo 2", "Demo 2", "{D71B81C4-1E25-479D-8319-EB6D4452C037}"
EndProject
Project("{FAE04EC0-301F-11D3-BF4B-00C04F79EFBC}") = "DotNet46.Web", "src\DotNet46.Web\DotNet46.Web.csproj", "{0D8CFCD8-8430-418D-87D2-3E26430AB3A8}"
EndProject
Project("{2150E333-8FDC-42A3-9474-1A3956D46DE8}") = "Demo 3", "Demo 3", "{81D0DC40-F132-4E30-8FCC-C7DE41BB6C93}"
EndProject
Project("{FAE04EC0-301F-11D3-BF4B-00C04F79EFBC}") = "DotNet46.Console", "src\DotNet46.Console\DotNet46.Console.csproj", "{48287E4F-5596-4DA3-A6DD-603DB08C09C2}"
EndProject
Project("{8BB2217D-0F2D-49D1-97BC-3654ED321F3B}") = "DotNetCore.Web", "src\DotNetCore.Web\DotNetCore.Web.xproj", "{50B74950-05C4-4513-A218-6E4B4985699A}"
EndProject
Global
	GlobalSection(SolutionConfigurationPlatforms) = preSolution
		Debug|Any CPU = Debug|Any CPU
		Release|Any CPU = Release|Any CPU
	EndGlobalSection
	GlobalSection(ProjectConfigurationPlatforms) = postSolution
		{0D8CFCD8-8430-418D-87D2-3E26430AB3A8}.Debug|Any CPU.ActiveCfg = Debug|Any CPU
		{0D8CFCD8-8430-418D-87D2-3E26430AB3A8}.Debug|Any CPU.Build.0 = Debug|Any CPU
		{0D8CFCD8-8430-418D-87D2-3E26430AB3A8}.Release|Any CPU.ActiveCfg = Release|Any CPU
		{0D8CFCD8-8430-418D-87D2-3E26430AB3A8}.Release|Any CPU.Build.0 = Release|Any CPU
		{48287E4F-5596-4DA3-A6DD-603DB08C09C2}.Debug|Any CPU.ActiveCfg = Debug|Any CPU
		{48287E4F-5596-4DA3-A6DD-603DB08C09C2}.Debug|Any CPU.Build.0 = Debug|Any CPU
		{48287E4F-5596-4DA3-A6DD-603DB08C09C2}.Release|Any CPU.ActiveCfg = Release|Any CPU
		{48287E4F-5596-4DA3-A6DD-603DB08C09C2}.Release|Any CPU.Build.0 = Release|Any CPU
		{50B74950-05C4-4513-A218-6E4B4985699A}.Debug|Any CPU.ActiveCfg = Debug|Any CPU
		{50B74950-05C4-4513-A218-6E4B4985699A}.Debug|Any CPU.Build.0 = Debug|Any CPU
		{50B74950-05C4-4513-A218-6E4B4985699A}.Release|Any CPU.ActiveCfg = Release|Any CPU
		{50B74950-05C4-4513-A218-6E4B4985699A}.Release|Any CPU.Build.0 = Release|Any CPU
	EndGlobalSection
	GlobalSection(SolutionProperties) = preSolution
		HideSolutionNode = FALSE
	EndGlobalSection
	GlobalSection(NestedProjects) = preSolution
		{7632CA77-CDF3-4E09-A92F-D8DED1136160} = {EC2A9940-AD88-42AD-9142-4DB5730CB20A}
		{D71B81C4-1E25-479D-8319-EB6D4452C037} = {EC2A9940-AD88-42AD-9142-4DB5730CB20A}
		{0D8CFCD8-8430-418D-87D2-3E26430AB3A8} = {D71B81C4-1E25-479D-8319-EB6D4452C037}
		{81D0DC40-F132-4E30-8FCC-C7DE41BB6C93} = {EC2A9940-AD88-42AD-9142-4DB5730CB20A}
		{48287E4F-5596-4DA3-A6DD-603DB08C09C2} = {81D0DC40-F132-4E30-8FCC-C7DE41BB6C93}
		{50B74950-05C4-4513-A218-6E4B4985699A} = {7632CA77-CDF3-4E09-A92F-D8DED1136160}
	EndGlobalSection
EndGlobal
